
Microsoft Visual Studio Solution File, Format Version 12.00
Project("{FAE04EC0-301F-11D3-BF4B-00C04F79EFBC}") = "text_summary", "text_summary\text_summary.csproj", "{5248EDA3-EF4B-41E4-9269-3A143C5CB1DD}"
EndProject
Global
	GlobalSection(SolutionConfigurationPlatforms) = preSolution
		Debug|Any CPU = Debug|Any CPU
		Release|Any CPU = Release|Any CPU
	EndGlobalSection
	GlobalSection(ProjectConfigurationPlatforms) = postSolution
		{5248EDA3-EF4B-41E4-9269-3A143C5CB1DD}.Debug|Any CPU.ActiveCfg = Debug|Any CPU
		{5248EDA3-EF4B-41E4-9269-3A143C5CB1DD}.Debug|Any CPU.Build.0 = Debug|Any CPU
		{5248EDA3-EF4B-41E4-9269-3A143C5CB1DD}.Release|Any CPU.ActiveCfg = Release|Any CPU
		{5248EDA3-EF4B-41E4-9269-3A143C5CB1DD}.Release|Any CPU.Build.0 = Release|Any CPU
	EndGlobalSection
EndGlobal
